
Microsoft Visual Studio Solution File, Format Version 12.00
# Visual Studio Version 17
VisualStudioVersion = 17.0.31903.59
MinimumVisualStudioVersion = 10.0.40219.1
Project("{2150E333-8FDC-42A3-9474-1A3956D46DE8}") = "Ecosystem", "Ecosystem", "{1D9BA3D3-7583-76E7-0778-6C48A2895392}"
EndProject
Project("{F2A71F9B-5D33-465A-A702-920D77279786}") = "Todo.Types", "Ecosystem\Todo.Types\Todo.Types.fsproj", "{B12AE0DD-C237-415A-9436-FB725B5C7EE9}"
EndProject
Project("{F2A71F9B-5D33-465A-A702-920D77279786}") = "LibLangFsharp", "..\LibLangFsharp\src\LibLangFsharp.fsproj", "{83D8AE5C-A87C-4D2A-A367-F8A635262D2B}"
EndProject
Project("{F2A71F9B-5D33-465A-A702-920D77279786}") = "LibLifeCycleTypes", "..\LibLifeCycleTypes\src\LibLifeCycleTypes.fsproj", "{C50A1E08-EAA9-4E58-9F97-A100DF13F8E3}"
EndProject
Project("{F2A71F9B-5D33-465A-A702-920D77279786}") = "LifeCycles", "Ecosystem\LifeCycles\LifeCycles.fsproj", "{A2117E0B-BCC5-404E-951E-04ADD888193D}"
EndProject
Project("{F2A71F9B-5D33-465A-A702-920D77279786}") = "LibLifeCycle", "..\LibLifeCycle\src\LibLifeCycle.fsproj", "{3823DE26-2F74-46B8-BEB3-847592ABDB54}"
EndProject
Project("{F2A71F9B-5D33-465A-A702-920D77279786}") = "Tests", "Ecosystem\Tests\Tests.fsproj", "{17471683-8CF2-4B45-A212-AB1EB1696CAF}"
EndProject
Project("{F2A71F9B-5D33-465A-A702-920D77279786}") = "LibLifeCycleTest", "..\LibLifeCycleTest\LibLifeCycleTest.fsproj", "{BFDBC324-FFFC-4411-AE29-8CB669AB5D27}"
EndProject
Project("{FAE04EC0-301F-11D3-BF4B-00C04F79EFBC}") = "LibLifeCycleHostBuild", "..\LibLifeCycleHostBuild\LibLifeCycleHostBuild.csproj", "{844F2688-2B99-4C3C-8CC2-3E90F029163B}"
EndProject
Project("{FAE04EC0-301F-11D3-BF4B-00C04F79EFBC}") = "LibLifeCycleCodeGenHost", "..\LibLifeCycleHost\LibLifeCycleCodeGenHost\LibLifeCycleCodeGenHost.csproj", "{E0C5314E-1661-43B6-B5E7-8276A85CE6FC}"
EndProject
Project("{F2A71F9B-5D33-465A-A702-920D77279786}") = "LibLifeCycleCore", "..\LibLifeCycleCore\src\LibLifeCycleCore.fsproj", "{0102D460-CBE6-4BDD-BA1D-1CE1976E56FC}"
EndProject
Project("{F2A71F9B-5D33-465A-A702-920D77279786}") = "LibLifeCycleHost", "..\LibLifeCycleHost\src\LibLifeCycleHost.fsproj", "{A3C754D9-66B6-473C-B33D-438AFB10F5DE}"
EndProject
Project("{F2A71F9B-5D33-465A-A702-920D77279786}") = "LibSignalRServer", "..\..\eggshell-signalr\src\LibSignalRServer\LibSignalRServer.fsproj", "{BE771F30-E710-41FF-B8D2-636670F98C93}"
EndProject
Project("{2150E333-8FDC-42A3-9474-1A3956D46DE8}") = "Launchers", "Launchers", "{66D79CFD-2C43-9419-3C24-01FEB7263155}"
EndProject
Project("{2150E333-8FDC-42A3-9474-1A3956D46DE8}") = "Dev", "Dev", "{7A0F25AE-6860-CBB8-4B2F-09FEC7B6968B}"
EndProject
Project("{2150E333-8FDC-42A3-9474-1A3956D46DE8}") = "TypesCodecGen", "TypesCodecGen", "{905B2F77-3F7D-244C-8377-31B00DF80F12}"
EndProject
Project("{2150E333-8FDC-42A3-9474-1A3956D46DE8}") = "src", "src", "{F0A0A2AE-26B8-6C5E-71B7-12BFF7D16BEF}"
EndProject
Project("{F2A71F9B-5D33-465A-A702-920D77279786}") = "TypesCodecGen", "Launchers\Dev\TypesCodecGen\src\TypesCodecGen.fsproj", "{A6535313-F8EC-45A2-A6A6-1A68758E9EDD}"
EndProject
Project("{F2A71F9B-5D33-465A-A702-920D77279786}") = "LibCodecGen", "..\LibCodecGen\src\LibCodecGen.fsproj", "{5D5811B1-EEF7-404F-AEB2-113914663DE1}"
EndProject
Project("{2150E333-8FDC-42A3-9474-1A3956D46DE8}") = "DevelopmentHost", "DevelopmentHost", "{4D20BB81-8344-7B1D-226C-969963F7F8F4}"
EndProject
Project("{2150E333-8FDC-42A3-9474-1A3956D46DE8}") = "src", "src", "{9D8BB1B3-1464-51C8-D079-8ABF40AF9E57}"
EndProject
Project("{F2A71F9B-5D33-465A-A702-920D77279786}") = "DevelopmentHost", "Launchers\Dev\DevelopmentHost\src\DevelopmentHost.fsproj", "{287AF616-C9EF-46AD-B83A-EEC6AB224722}"
EndProject
Global
	GlobalSection(SolutionConfigurationPlatforms) = preSolution
		Debug|Any CPU = Debug|Any CPU
		Debug|x64 = Debug|x64
		Debug|x86 = Debug|x86
		Release|Any CPU = Release|Any CPU
		Release|x64 = Release|x64
		Release|x86 = Release|x86
	EndGlobalSection
	GlobalSection(ProjectConfigurationPlatforms) = postSolution
		{B12AE0DD-C237-415A-9436-FB725B5C7EE9}.Debug|Any CPU.ActiveCfg = Debug|Any CPU
		{B12AE0DD-C237-415A-9436-FB725B5C7EE9}.Debug|Any CPU.Build.0 = Debug|Any CPU
		{B12AE0DD-C237-415A-9436-FB725B5C7EE9}.Debug|x64.ActiveCfg = Debug|Any CPU
		{B12AE0DD-C237-415A-9436-FB725B5C7EE9}.Debug|x64.Build.0 = Debug|Any CPU
		{B12AE0DD-C237-415A-9436-FB725B5C7EE9}.Debug|x86.ActiveCfg = Debug|Any CPU
		{B12AE0DD-C237-415A-9436-FB725B5C7EE9}.Debug|x86.Build.0 = Debug|Any CPU
		{B12AE0DD-C237-415A-9436-FB725B5C7EE9}.Release|Any CPU.ActiveCfg = Release|Any CPU
		{B12AE0DD-C237-415A-9436-FB725B5C7EE9}.Release|Any CPU.Build.0 = Release|Any CPU
		{B12AE0DD-C237-415A-9436-FB725B5C7EE9}.Release|x64.ActiveCfg = Release|Any CPU
		{B12AE0DD-C237-415A-9436-FB725B5C7EE9}.Release|x64.Build.0 = Release|Any CPU
		{B12AE0DD-C237-415A-9436-FB725B5C7EE9}.Release|x86.ActiveCfg = Release|Any CPU
		{B12AE0DD-C237-415A-9436-FB725B5C7EE9}.Release|x86.Build.0 = Release|Any CPU
		{83D8AE5C-A87C-4D2A-A367-F8A635262D2B}.Debug|Any CPU.ActiveCfg = Debug|Any CPU
		{83D8AE5C-A87C-4D2A-A367-F8A635262D2B}.Debug|Any CPU.Build.0 = Debug|Any CPU
		{83D8AE5C-A87C-4D2A-A367-F8A635262D2B}.Debug|x64.ActiveCfg = Debug|Any CPU
		{83D8AE5C-A87C-4D2A-A367-F8A635262D2B}.Debug|x64.Build.0 = Debug|Any CPU
		{83D8AE5C-A87C-4D2A-A367-F8A635262D2B}.Debug|x86.ActiveCfg = Debug|Any CPU
		{83D8AE5C-A87C-4D2A-A367-F8A635262D2B}.Debug|x86.Build.0 = Debug|Any CPU
		{83D8AE5C-A87C-4D2A-A367-F8A635262D2B}.Release|Any CPU.ActiveCfg = Release|Any CPU
		{83D8AE5C-A87C-4D2A-A367-F8A635262D2B}.Release|Any CPU.Build.0 = Release|Any CPU
		{83D8AE5C-A87C-4D2A-A367-F8A635262D2B}.Release|x64.ActiveCfg = Release|Any CPU
		{83D8AE5C-A87C-4D2A-A367-F8A635262D2B}.Release|x64.Build.0 = Release|Any CPU
		{83D8AE5C-A87C-4D2A-A367-F8A635262D2B}.Release|x86.ActiveCfg = Release|Any CPU
		{83D8AE5C-A87C-4D2A-A367-F8A635262D2B}.Release|x86.Build.0 = Release|Any CPU
		{C50A1E08-EAA9-4E58-9F97-A100DF13F8E3}.Debug|Any CPU.ActiveCfg = Debug|Any CPU
		{C50A1E08-EAA9-4E58-9F97-A100DF13F8E3}.Debug|Any CPU.Build.0 = Debug|Any CPU
		{C50A1E08-EAA9-4E58-9F97-A100DF13F8E3}.Debug|x64.ActiveCfg = Debug|Any CPU
		{C50A1E08-EAA9-4E58-9F97-A100DF13F8E3}.Debug|x64.Build.0 = Debug|Any CPU
		{C50A1E08-EAA9-4E58-9F97-A100DF13F8E3}.Debug|x86.ActiveCfg = Debug|Any CPU
		{C50A1E08-EAA9-4E58-9F97-A100DF13F8E3}.Debug|x86.Build.0 = Debug|Any CPU
		{C50A1E08-EAA9-4E58-9F97-A100DF13F8E3}.Release|Any CPU.ActiveCfg = Release|Any CPU
		{C50A1E08-EAA9-4E58-9F97-A100DF13F8E3}.Release|Any CPU.Build.0 = Release|Any CPU
		{C50A1E08-EAA9-4E58-9F97-A100DF13F8E3}.Release|x64.ActiveCfg = Release|Any CPU
		{C50A1E08-EAA9-4E58-9F97-A100DF13F8E3}.Release|x64.Build.0 = Release|Any CPU
		{C50A1E08-EAA9-4E58-9F97-A100DF13F8E3}.Release|x86.ActiveCfg = Release|Any CPU
		{C50A1E08-EAA9-4E58-9F97-A100DF13F8E3}.Release|x86.Build.0 = Release|Any CPU
		{A2117E0B-BCC5-404E-951E-04ADD888193D}.Debug|Any CPU.ActiveCfg = Debug|Any CPU
		{A2117E0B-BCC5-404E-951E-04ADD888193D}.Debug|Any CPU.Build.0 = Debug|Any CPU
		{A2117E0B-BCC5-404E-951E-04ADD888193D}.Debug|x64.ActiveCfg = Debug|Any CPU
		{A2117E0B-BCC5-404E-951E-04ADD888193D}.Debug|x64.Build.0 = Debug|Any CPU
		{A2117E0B-BCC5-404E-951E-04ADD888193D}.Debug|x86.ActiveCfg = Debug|Any CPU
		{A2117E0B-BCC5-404E-951E-04ADD888193D}.Debug|x86.Build.0 = Debug|Any CPU
		{A2117E0B-BCC5-404E-951E-04ADD888193D}.Release|Any CPU.ActiveCfg = Release|Any CPU
		{A2117E0B-BCC5-404E-951E-04ADD888193D}.Release|Any CPU.Build.0 = Release|Any CPU
		{A2117E0B-BCC5-404E-951E-04ADD888193D}.Release|x64.ActiveCfg = Release|Any CPU
		{A2117E0B-BCC5-404E-951E-04ADD888193D}.Release|x64.Build.0 = Release|Any CPU
		{A2117E0B-BCC5-404E-951E-04ADD888193D}.Release|x86.ActiveCfg = Release|Any CPU
		{A2117E0B-BCC5-404E-951E-04ADD888193D}.Release|x86.Build.0 = Release|Any CPU
		{3823DE26-2F74-46B8-BEB3-847592ABDB54}.Debug|Any CPU.ActiveCfg = Debug|Any CPU
		{3823DE26-2F74-46B8-BEB3-847592ABDB54}.Debug|Any CPU.Build.0 = Debug|Any CPU
		{3823DE26-2F74-46B8-BEB3-847592ABDB54}.Debug|x64.ActiveCfg = Debug|Any CPU
		{3823DE26-2F74-46B8-BEB3-847592ABDB54}.Debug|x64.Build.0 = Debug|Any CPU
		{3823DE26-2F74-46B8-BEB3-847592ABDB54}.Debug|x86.ActiveCfg = Debug|Any CPU
		{3823DE26-2F74-46B8-BEB3-847592ABDB54}.Debug|x86.Build.0 = Debug|Any CPU
		{3823DE26-2F74-46B8-BEB3-847592ABDB54}.Release|Any CPU.ActiveCfg = Release|Any CPU
		{3823DE26-2F74-46B8-BEB3-847592ABDB54}.Release|Any CPU.Build.0 = Release|Any CPU
		{3823DE26-2F74-46B8-BEB3-847592ABDB54}.Release|x64.ActiveCfg = Release|Any CPU
		{3823DE26-2F74-46B8-BEB3-847592ABDB54}.Release|x64.Build.0 = Release|Any CPU
		{3823DE26-2F74-46B8-BEB3-847592ABDB54}.Release|x86.ActiveCfg = Release|Any CPU
		{3823DE26-2F74-46B8-BEB3-847592ABDB54}.Release|x86.Build.0 = Release|Any CPU
		{17471683-8CF2-4B45-A212-AB1EB1696CAF}.Debug|Any CPU.ActiveCfg = Debug|Any CPU
		{17471683-8CF2-4B45-A212-AB1EB1696CAF}.Debug|Any CPU.Build.0 = Debug|Any CPU
		{17471683-8CF2-4B45-A212-AB1EB1696CAF}.Debug|x64.ActiveCfg = Debug|Any CPU
		{17471683-8CF2-4B45-A212-AB1EB1696CAF}.Debug|x64.Build.0 = Debug|Any CPU
		{17471683-8CF2-4B45-A212-AB1EB1696CAF}.Debug|x86.ActiveCfg = Debug|Any CPU
		{17471683-8CF2-4B45-A212-AB1EB1696CAF}.Debug|x86.Build.0 = Debug|Any CPU
		{17471683-8CF2-4B45-A212-AB1EB1696CAF}.Release|Any CPU.ActiveCfg = Release|Any CPU
		{17471683-8CF2-4B45-A212-AB1EB1696CAF}.Release|Any CPU.Build.0 = Release|Any CPU
		{17471683-8CF2-4B45-A212-AB1EB1696CAF}.Release|x64.ActiveCfg = Release|Any CPU
		{17471683-8CF2-4B45-A212-AB1EB1696CAF}.Release|x64.Build.0 = Release|Any CPU
		{17471683-8CF2-4B45-A212-AB1EB1696CAF}.Release|x86.ActiveCfg = Release|Any CPU
		{17471683-8CF2-4B45-A212-AB1EB1696CAF}.Release|x86.Build.0 = Release|Any CPU
		{BFDBC324-FFFC-4411-AE29-8CB669AB5D27}.Debug|Any CPU.ActiveCfg = Debug|Any CPU
		{BFDBC324-FFFC-4411-AE29-8CB669AB5D27}.Debug|Any CPU.Build.0 = Debug|Any CPU
		{BFDBC324-FFFC-4411-AE29-8CB669AB5D27}.Debug|x64.ActiveCfg = Debug|Any CPU
		{BFDBC324-FFFC-4411-AE29-8CB669AB5D27}.Debug|x64.Build.0 = Debug|Any CPU
		{BFDBC324-FFFC-4411-AE29-8CB669AB5D27}.Debug|x86.ActiveCfg = Debug|Any CPU
		{BFDBC324-FFFC-4411-AE29-8CB669AB5D27}.Debug|x86.Build.0 = Debug|Any CPU
		{BFDBC324-FFFC-4411-AE29-8CB669AB5D27}.Release|Any CPU.ActiveCfg = Release|Any CPU
		{BFDBC324-FFFC-4411-AE29-8CB669AB5D27}.Release|Any CPU.Build.0 = Release|Any CPU
		{BFDBC324-FFFC-4411-AE29-8CB669AB5D27}.Release|x64.ActiveCfg = Release|Any CPU
		{BFDBC324-FFFC-4411-AE29-8CB669AB5D27}.Release|x64.Build.0 = Release|Any CPU
		{BFDBC324-FFFC-4411-AE29-8CB669AB5D27}.Release|x86.ActiveCfg = Release|Any CPU
		{BFDBC324-FFFC-4411-AE29-8CB669AB5D27}.Release|x86.Build.0 = Release|Any CPU
		{844F2688-2B99-4C3C-8CC2-3E90F029163B}.Debug|Any CPU.ActiveCfg = Debug|Any CPU
		{844F2688-2B99-4C3C-8CC2-3E90F029163B}.Debug|Any CPU.Build.0 = Debug|Any CPU
		{844F2688-2B99-4C3C-8CC2-3E90F029163B}.Debug|x64.ActiveCfg = Debug|Any CPU
		{844F2688-2B99-4C3C-8CC2-3E90F029163B}.Debug|x64.Build.0 = Debug|Any CPU
		{844F2688-2B99-4C3C-8CC2-3E90F029163B}.Debug|x86.ActiveCfg = Debug|Any CPU
		{844F2688-2B99-4C3C-8CC2-3E90F029163B}.Debug|x86.Build.0 = Debug|Any CPU
		{844F2688-2B99-4C3C-8CC2-3E90F029163B}.Release|Any CPU.ActiveCfg = Release|Any CPU
		{844F2688-2B99-4C3C-8CC2-3E90F029163B}.Release|Any CPU.Build.0 = Release|Any CPU
		{844F2688-2B99-4C3C-8CC2-3E90F029163B}.Release|x64.ActiveCfg = Release|Any CPU
		{844F2688-2B99-4C3C-8CC2-3E90F029163B}.Release|x64.Build.0 = Release|Any CPU
		{844F2688-2B99-4C3C-8CC2-3E90F029163B}.Release|x86.ActiveCfg = Release|Any CPU
		{844F2688-2B99-4C3C-8CC2-3E90F029163B}.Release|x86.Build.0 = Release|Any CPU
		{E0C5314E-1661-43B6-B5E7-8276A85CE6FC}.Debug|Any CPU.ActiveCfg = Debug|Any CPU
		{E0C5314E-1661-43B6-B5E7-8276A85CE6FC}.Debug|Any CPU.Build.0 = Debug|Any CPU
		{E0C5314E-1661-43B6-B5E7-8276A85CE6FC}.Debug|x64.ActiveCfg = Debug|Any CPU
		{E0C5314E-1661-43B6-B5E7-8276A85CE6FC}.Debug|x64.Build.0 = Debug|Any CPU
		{E0C5314E-1661-43B6-B5E7-8276A85CE6FC}.Debug|x86.ActiveCfg = Debug|Any CPU
		{E0C5314E-1661-43B6-B5E7-8276A85CE6FC}.Debug|x86.Build.0 = Debug|Any CPU
		{E0C5314E-1661-43B6-B5E7-8276A85CE6FC}.Release|Any CPU.ActiveCfg = Release|Any CPU
		{E0C5314E-1661-43B6-B5E7-8276A85CE6FC}.Release|Any CPU.Build.0 = Release|Any CPU
		{E0C5314E-1661-43B6-B5E7-8276A85CE6FC}.Release|x64.ActiveCfg = Release|Any CPU
		{E0C5314E-1661-43B6-B5E7-8276A85CE6FC}.Release|x64.Build.0 = Release|Any CPU
		{E0C5314E-1661-43B6-B5E7-8276A85CE6FC}.Release|x86.ActiveCfg = Release|Any CPU
		{E0C5314E-1661-43B6-B5E7-8276A85CE6FC}.Release|x86.Build.0 = Release|Any CPU
		{0102D460-CBE6-4BDD-BA1D-1CE1976E56FC}.Debug|Any CPU.ActiveCfg = Debug|Any CPU
		{0102D460-CBE6-4BDD-BA1D-1CE1976E56FC}.Debug|Any CPU.Build.0 = Debug|Any CPU
		{0102D460-CBE6-4BDD-BA1D-1CE1976E56FC}.Debug|x64.ActiveCfg = Debug|Any CPU
		{0102D460-CBE6-4BDD-BA1D-1CE1976E56FC}.Debug|x64.Build.0 = Debug|Any CPU
		{0102D460-CBE6-4BDD-BA1D-1CE1976E56FC}.Debug|x86.ActiveCfg = Debug|Any CPU
		{0102D460-CBE6-4BDD-BA1D-1CE1976E56FC}.Debug|x86.Build.0 = Debug|Any CPU
		{0102D460-CBE6-4BDD-BA1D-1CE1976E56FC}.Release|Any CPU.ActiveCfg = Release|Any CPU
		{0102D460-CBE6-4BDD-BA1D-1CE1976E56FC}.Release|Any CPU.Build.0 = Release|Any CPU
		{0102D460-CBE6-4BDD-BA1D-1CE1976E56FC}.Release|x64.ActiveCfg = Release|Any CPU
		{0102D460-CBE6-4BDD-BA1D-1CE1976E56FC}.Release|x64.Build.0 = Release|Any CPU
		{0102D460-CBE6-4BDD-BA1D-1CE1976E56FC}.Release|x86.ActiveCfg = Release|Any CPU
		{0102D460-CBE6-4BDD-BA1D-1CE1976E56FC}.Release|x86.Build.0 = Release|Any CPU
		{A3C754D9-66B6-473C-B33D-438AFB10F5DE}.Debug|Any CPU.ActiveCfg = Debug|Any CPU
		{A3C754D9-66B6-473C-B33D-438AFB10F5DE}.Debug|Any CPU.Build.0 = Debug|Any CPU
		{A3C754D9-66B6-473C-B33D-438AFB10F5DE}.Debug|x64.ActiveCfg = Debug|Any CPU
		{A3C754D9-66B6-473C-B33D-438AFB10F5DE}.Debug|x64.Build.0 = Debug|Any CPU
		{A3C754D9-66B6-473C-B33D-438AFB10F5DE}.Debug|x86.ActiveCfg = Debug|Any CPU
		{A3C754D9-66B6-473C-B33D-438AFB10F5DE}.Debug|x86.Build.0 = Debug|Any CPU
		{A3C754D9-66B6-473C-B33D-438AFB10F5DE}.Release|Any CPU.ActiveCfg = Release|Any CPU
		{A3C754D9-66B6-473C-B33D-438AFB10F5DE}.Release|Any CPU.Build.0 = Release|Any CPU
		{A3C754D9-66B6-473C-B33D-438AFB10F5DE}.Release|x64.ActiveCfg = Release|Any CPU
		{A3C754D9-66B6-473C-B33D-438AFB10F5DE}.Release|x64.Build.0 = Release|Any CPU
		{A3C754D9-66B6-473C-B33D-438AFB10F5DE}.Release|x86.ActiveCfg = Release|Any CPU
		{A3C754D9-66B6-473C-B33D-438AFB10F5DE}.Release|x86.Build.0 = Release|Any CPU
		{BE771F30-E710-41FF-B8D2-636670F98C93}.Debug|Any CPU.ActiveCfg = Debug|Any CPU
		{BE771F30-E710-41FF-B8D2-636670F98C93}.Debug|Any CPU.Build.0 = Debug|Any CPU
		{BE771F30-E710-41FF-B8D2-636670F98C93}.Debug|x64.ActiveCfg = Debug|Any CPU
		{BE771F30-E710-41FF-B8D2-636670F98C93}.Debug|x64.Build.0 = Debug|Any CPU
		{BE771F30-E710-41FF-B8D2-636670F98C93}.Debug|x86.ActiveCfg = Debug|Any CPU
		{BE771F30-E710-41FF-B8D2-636670F98C93}.Debug|x86.Build.0 = Debug|Any CPU
		{BE771F30-E710-41FF-B8D2-636670F98C93}.Release|Any CPU.ActiveCfg = Release|Any CPU
		{BE771F30-E710-41FF-B8D2-636670F98C93}.Release|Any CPU.Build.0 = Release|Any CPU
		{BE771F30-E710-41FF-B8D2-636670F98C93}.Release|x64.ActiveCfg = Release|Any CPU
		{BE771F30-E710-41FF-B8D2-636670F98C93}.Release|x64.Build.0 = Release|Any CPU
		{BE771F30-E710-41FF-B8D2-636670F98C93}.Release|x86.ActiveCfg = Release|Any CPU
		{BE771F30-E710-41FF-B8D2-636670F98C93}.Release|x86.Build.0 = Release|Any CPU
		{A6535313-F8EC-45A2-A6A6-1A68758E9EDD}.Debug|Any CPU.ActiveCfg = Debug|Any CPU
		{A6535313-F8EC-45A2-A6A6-1A68758E9EDD}.Debug|Any CPU.Build.0 = Debug|Any CPU
		{A6535313-F8EC-45A2-A6A6-1A68758E9EDD}.Debug|x64.ActiveCfg = Debug|Any CPU
		{A6535313-F8EC-45A2-A6A6-1A68758E9EDD}.Debug|x64.Build.0 = Debug|Any CPU
		{A6535313-F8EC-45A2-A6A6-1A68758E9EDD}.Debug|x86.ActiveCfg = Debug|Any CPU
		{A6535313-F8EC-45A2-A6A6-1A68758E9EDD}.Debug|x86.Build.0 = Debug|Any CPU
		{A6535313-F8EC-45A2-A6A6-1A68758E9EDD}.Release|Any CPU.ActiveCfg = Release|Any CPU
		{A6535313-F8EC-45A2-A6A6-1A68758E9EDD}.Release|Any CPU.Build.0 = Release|Any CPU
		{A6535313-F8EC-45A2-A6A6-1A68758E9EDD}.Release|x64.ActiveCfg = Release|Any CPU
		{A6535313-F8EC-45A2-A6A6-1A68758E9EDD}.Release|x64.Build.0 = Release|Any CPU
		{A6535313-F8EC-45A2-A6A6-1A68758E9EDD}.Release|x86.ActiveCfg = Release|Any CPU
		{A6535313-F8EC-45A2-A6A6-1A68758E9EDD}.Release|x86.Build.0 = Release|Any CPU
		{5D5811B1-EEF7-404F-AEB2-113914663DE1}.Debug|Any CPU.ActiveCfg = Debug|Any CPU
		{5D5811B1-EEF7-404F-AEB2-113914663DE1}.Debug|Any CPU.Build.0 = Debug|Any CPU
		{5D5811B1-EEF7-404F-AEB2-113914663DE1}.Debug|x64.ActiveCfg = Debug|Any CPU
		{5D5811B1-EEF7-404F-AEB2-113914663DE1}.Debug|x64.Build.0 = Debug|Any CPU
		{5D5811B1-EEF7-404F-AEB2-113914663DE1}.Debug|x86.ActiveCfg = Debug|Any CPU
		{5D5811B1-EEF7-404F-AEB2-113914663DE1}.Debug|x86.Build.0 = Debug|Any CPU
		{5D5811B1-EEF7-404F-AEB2-113914663DE1}.Release|Any CPU.ActiveCfg = Release|Any CPU
		{5D5811B1-EEF7-404F-AEB2-113914663DE1}.Release|Any CPU.Build.0 = Release|Any CPU
		{5D5811B1-EEF7-404F-AEB2-113914663DE1}.Release|x64.ActiveCfg = Release|Any CPU
		{5D5811B1-EEF7-404F-AEB2-113914663DE1}.Release|x64.Build.0 = Release|Any CPU
		{5D5811B1-EEF7-404F-AEB2-113914663DE1}.Release|x86.ActiveCfg = Release|Any CPU
		{5D5811B1-EEF7-404F-AEB2-113914663DE1}.Release|x86.Build.0 = Release|Any CPU
		{287AF616-C9EF-46AD-B83A-EEC6AB224722}.Debug|Any CPU.ActiveCfg = Debug|Any CPU
		{287AF616-C9EF-46AD-B83A-EEC6AB224722}.Debug|Any CPU.Build.0 = Debug|Any CPU
		{287AF616-C9EF-46AD-B83A-EEC6AB224722}.Debug|x64.ActiveCfg = Debug|Any CPU
		{287AF616-C9EF-46AD-B83A-EEC6AB224722}.Debug|x64.Build.0 = Debug|Any CPU
		{287AF616-C9EF-46AD-B83A-EEC6AB224722}.Debug|x86.ActiveCfg = Debug|Any CPU
		{287AF616-C9EF-46AD-B83A-EEC6AB224722}.Debug|x86.Build.0 = Debug|Any CPU
		{287AF616-C9EF-46AD-B83A-EEC6AB224722}.Release|Any CPU.ActiveCfg = Release|Any CPU
		{287AF616-C9EF-46AD-B83A-EEC6AB224722}.Release|Any CPU.Build.0 = Release|Any CPU
		{287AF616-C9EF-46AD-B83A-EEC6AB224722}.Release|x64.ActiveCfg = Release|Any CPU
		{287AF616-C9EF-46AD-B83A-EEC6AB224722}.Release|x64.Build.0 = Release|Any CPU
		{287AF616-C9EF-46AD-B83A-EEC6AB224722}.Release|x86.ActiveCfg = Release|Any CPU
		{287AF616-C9EF-46AD-B83A-EEC6AB224722}.Release|x86.Build.0 = Release|Any CPU
	EndGlobalSection
	GlobalSection(SolutionProperties) = preSolution
		HideSolutionNode = FALSE
	EndGlobalSection
	GlobalSection(NestedProjects) = preSolution
		{B12AE0DD-C237-415A-9436-FB725B5C7EE9} = {1D9BA3D3-7583-76E7-0778-6C48A2895392}
		{A2117E0B-BCC5-404E-951E-04ADD888193D} = {1D9BA3D3-7583-76E7-0778-6C48A2895392}
		{17471683-8CF2-4B45-A212-AB1EB1696CAF} = {1D9BA3D3-7583-76E7-0778-6C48A2895392}
		{7A0F25AE-6860-CBB8-4B2F-09FEC7B6968B} = {66D79CFD-2C43-9419-3C24-01FEB7263155}
		{905B2F77-3F7D-244C-8377-31B00DF80F12} = {7A0F25AE-6860-CBB8-4B2F-09FEC7B6968B}
		{F0A0A2AE-26B8-6C5E-71B7-12BFF7D16BEF} = {905B2F77-3F7D-244C-8377-31B00DF80F12}
		{A6535313-F8EC-45A2-A6A6-1A68758E9EDD} = {F0A0A2AE-26B8-6C5E-71B7-12BFF7D16BEF}
		{4D20BB81-8344-7B1D-226C-969963F7F8F4} = {7A0F25AE-6860-CBB8-4B2F-09FEC7B6968B}
		{9D8BB1B3-1464-51C8-D079-8ABF40AF9E57} = {4D20BB81-8344-7B1D-226C-969963F7F8F4}
		{287AF616-C9EF-46AD-B83A-EEC6AB224722} = {9D8BB1B3-1464-51C8-D079-8ABF40AF9E57}
	EndGlobalSection
EndGlobal
