
Microsoft Visual Studio Solution File, Format Version 12.00
# Visual Studio Version 16
VisualStudioVersion = 16.0.29806.167
MinimumVisualStudioVersion = 15.0.26124.0
Project("{6EC3EE1D-3C4E-46DD-8F32-0CC8E7565705}") = "LibLangFsharp", "..\LibLangFsharp\src\LibLangFsharp.fsproj", "{C2933E56-D8CE-40B6-A464-B5E580AA36A1}"
EndProject
Project("{2150E333-8FDC-42A3-9474-1A3956D46DE8}") = "Ecosystem", "Ecosystem", "{1D4D7439-80F7-4995-BF53-12EC0F975430}"
EndProject
Project("{2150E333-8FDC-42A3-9474-1A3956D46DE8}") = "Launchers", "Launchers", "{6DD33323-600B-43B9-A5FA-DC09AEA43984}"
EndProject
Project("{6EC3EE1D-3C4E-46DD-8F32-0CC8E7565705}") = "LibLifeCycle", "..\LibLifeCycle\src\LibLifeCycle.fsproj", "{F7462E49-C05C-4F85-B08E-588E8361E8A4}"
EndProject
Project("{6EC3EE1D-3C4E-46DD-8F32-0CC8E7565705}") = "LifeCycles", "Ecosystem\LifeCycles\LifeCycles.fsproj", "{E3A20E11-835A-4F66-AA2E-5C01C85DD04A}"
EndProject
Project("{6EC3EE1D-3C4E-46DD-8F32-0CC8E7565705}") = "Jobs.Types", "Ecosystem\Jobs.Types\Jobs.Types.fsproj", "{ED335A85-90A3-44FB-ADC0-9ADA49BA98FF}"
EndProject
Project("{6EC3EE1D-3C4E-46DD-8F32-0CC8E7565705}") = "LibLifeCycleTypes", "..\LibLifeCycleTypes\src\LibLifeCycleTypes.fsproj", "{07E4C5FD-14AF-49DC-B5EC-EC656F4A67BC}"
EndProject
Project("{6EC3EE1D-3C4E-46DD-8F32-0CC8E7565705}") = "LibLifeCycleHost", "..\LibLifeCycleHost\src\LibLifeCycleHost.fsproj", "{D194AD7E-42BC-4F88-8F3D-E0C193C2E01E}"
EndProject
Project("{6EC3EE1D-3C4E-46DD-8F32-0CC8E7565705}") = "Tests", "Ecosystem\Tests\Tests.fsproj", "{E8DCAD27-6F01-4760-BDA8-32092EAD1262}"
EndProject
Project("{2150E333-8FDC-42A3-9474-1A3956D46DE8}") = "Framework", "Framework", "{C1A9A8B7-35EB-419D-97D8-D6BED80F17D9}"
EndProject
Project("{9A19103F-16F7-4668-BE54-9A1E7A4F7556}") = "LibLifeCycleHostBuild", "..\LibLifeCycleHostBuild\LibLifeCycleHostBuild.csproj", "{FCE16AF6-DBD7-4FD2-8502-BA154F48B115}"
EndProject
Project("{6EC3EE1D-3C4E-46DD-8F32-0CC8E7565705}") = "LibLifeCycleTest", "..\LibLifeCycleTest\LibLifeCycleTest.fsproj", "{DE4686F0-97F9-4BA0-A65A-728BCF0FDBED}"
EndProject
Project("{6EC3EE1D-3C4E-46DD-8F32-0CC8E7565705}") = "LibLifeCycleCore", "..\LibLifeCycleCore\src\LibLifeCycleCore.fsproj", "{7B867F21-35C6-4F53-A1F2-6FC4FBB12D69}"
EndProject
Project("{6EC3EE1D-3C4E-46DD-8F32-0CC8E7565705}") = "LibCodecGen", "..\LibCodecGen\src\LibCodecGen.fsproj", "{9942805D-34CD-452F-B00B-43E5CF999AE2}"
EndProject
Project("{6EC3EE1D-3C4E-46DD-8F32-0CC8E7565705}") = "TypesCodecGen", "Launchers\Dev\TypesCodecGen\src\TypesCodecGen.fsproj", "{8BAEFE24-98B3-46F3-BA9F-FBC8BAE38D46}"
EndProject
Project("{FAE04EC0-301F-11D3-BF4B-00C04F79EFBC}") = "LibLifeCycleCoreBuild", "..\LibLifeCycleCoreBuild\LibLifeCycleCoreBuild.csproj", "{9E0AA4D0-8C68-4A3A-9702-9088C4A26413}"
EndProject
Project("{F2A71F9B-5D33-465A-A702-920D77279786}") = "TestDataSeeding", "Launchers\Dev\TestDataSeeding\src\TestDataSeeding.fsproj", "{D8AAD70C-C1C1-4BD1-8729-B8EB2A31B94E}"
EndProject
Global
	GlobalSection(SolutionConfigurationPlatforms) = preSolution
		Debug|x64 = Debug|x64
		Release|x64 = Release|x64
	EndGlobalSection
	GlobalSection(ProjectConfigurationPlatforms) = postSolution
		{C2933E56-D8CE-40B6-A464-B5E580AA36A1}.Debug|x64.ActiveCfg = Debug|Any CPU
		{C2933E56-D8CE-40B6-A464-B5E580AA36A1}.Debug|x64.Build.0 = Debug|Any CPU
		{C2933E56-D8CE-40B6-A464-B5E580AA36A1}.Release|x64.ActiveCfg = Release|Any CPU
		{C2933E56-D8CE-40B6-A464-B5E580AA36A1}.Release|x64.Build.0 = Release|Any CPU
		{F7462E49-C05C-4F85-B08E-588E8361E8A4}.Debug|x64.ActiveCfg = Debug|Any CPU
		{F7462E49-C05C-4F85-B08E-588E8361E8A4}.Debug|x64.Build.0 = Debug|Any CPU
		{F7462E49-C05C-4F85-B08E-588E8361E8A4}.Release|x64.ActiveCfg = Release|Any CPU
		{F7462E49-C05C-4F85-B08E-588E8361E8A4}.Release|x64.Build.0 = Release|Any CPU
		{E3A20E11-835A-4F66-AA2E-5C01C85DD04A}.Debug|x64.ActiveCfg = Debug|Any CPU
		{E3A20E11-835A-4F66-AA2E-5C01C85DD04A}.Debug|x64.Build.0 = Debug|Any CPU
		{E3A20E11-835A-4F66-AA2E-5C01C85DD04A}.Release|x64.ActiveCfg = Release|Any CPU
		{E3A20E11-835A-4F66-AA2E-5C01C85DD04A}.Release|x64.Build.0 = Release|Any CPU
		{ED335A85-90A3-44FB-ADC0-9ADA49BA98FF}.Debug|x64.ActiveCfg = Debug|Any CPU
		{ED335A85-90A3-44FB-ADC0-9ADA49BA98FF}.Debug|x64.Build.0 = Debug|Any CPU
		{ED335A85-90A3-44FB-ADC0-9ADA49BA98FF}.Release|x64.ActiveCfg = Release|Any CPU
		{ED335A85-90A3-44FB-ADC0-9ADA49BA98FF}.Release|x64.Build.0 = Release|Any CPU
		{07E4C5FD-14AF-49DC-B5EC-EC656F4A67BC}.Debug|x64.ActiveCfg = Debug|Any CPU
		{07E4C5FD-14AF-49DC-B5EC-EC656F4A67BC}.Debug|x64.Build.0 = Debug|Any CPU
		{07E4C5FD-14AF-49DC-B5EC-EC656F4A67BC}.Release|x64.ActiveCfg = Release|Any CPU
		{07E4C5FD-14AF-49DC-B5EC-EC656F4A67BC}.Release|x64.Build.0 = Release|Any CPU
		{D194AD7E-42BC-4F88-8F3D-E0C193C2E01E}.Debug|x64.ActiveCfg = Debug|Any CPU
		{D194AD7E-42BC-4F88-8F3D-E0C193C2E01E}.Debug|x64.Build.0 = Debug|Any CPU
		{D194AD7E-42BC-4F88-8F3D-E0C193C2E01E}.Release|x64.ActiveCfg = Release|Any CPU
		{D194AD7E-42BC-4F88-8F3D-E0C193C2E01E}.Release|x64.Build.0 = Release|Any CPU
		{E8DCAD27-6F01-4760-BDA8-32092EAD1262}.Debug|x64.ActiveCfg = Debug|Any CPU
		{E8DCAD27-6F01-4760-BDA8-32092EAD1262}.Debug|x64.Build.0 = Debug|Any CPU
		{E8DCAD27-6F01-4760-BDA8-32092EAD1262}.Release|x64.ActiveCfg = Release|Any CPU
		{E8DCAD27-6F01-4760-BDA8-32092EAD1262}.Release|x64.Build.0 = Release|Any CPU
		{FCE16AF6-DBD7-4FD2-8502-BA154F48B115}.Debug|x64.ActiveCfg = Debug|Any CPU
		{FCE16AF6-DBD7-4FD2-8502-BA154F48B115}.Debug|x64.Build.0 = Debug|Any CPU
		{FCE16AF6-DBD7-4FD2-8502-BA154F48B115}.Release|x64.ActiveCfg = Release|Any CPU
		{FCE16AF6-DBD7-4FD2-8502-BA154F48B115}.Release|x64.Build.0 = Release|Any CPU
		{DE4686F0-97F9-4BA0-A65A-728BCF0FDBED}.Debug|x64.ActiveCfg = Debug|Any CPU
		{DE4686F0-97F9-4BA0-A65A-728BCF0FDBED}.Debug|x64.Build.0 = Debug|Any CPU
		{DE4686F0-97F9-4BA0-A65A-728BCF0FDBED}.Release|x64.ActiveCfg = Release|Any CPU
		{DE4686F0-97F9-4BA0-A65A-728BCF0FDBED}.Release|x64.Build.0 = Release|Any CPU
		{7B867F21-35C6-4F53-A1F2-6FC4FBB12D69}.Debug|x64.ActiveCfg = Debug|Any CPU
		{7B867F21-35C6-4F53-A1F2-6FC4FBB12D69}.Debug|x64.Build.0 = Debug|Any CPU
		{7B867F21-35C6-4F53-A1F2-6FC4FBB12D69}.Release|x64.ActiveCfg = Release|Any CPU
		{7B867F21-35C6-4F53-A1F2-6FC4FBB12D69}.Release|x64.Build.0 = Release|Any CPU
		{9942805D-34CD-452F-B00B-43E5CF999AE2}.Debug|x64.ActiveCfg = Debug|Any CPU
		{9942805D-34CD-452F-B00B-43E5CF999AE2}.Debug|x64.Build.0 = Debug|Any CPU
		{9942805D-34CD-452F-B00B-43E5CF999AE2}.Release|x64.ActiveCfg = Release|Any CPU
		{9942805D-34CD-452F-B00B-43E5CF999AE2}.Release|x64.Build.0 = Release|Any CPU
		{8BAEFE24-98B3-46F3-BA9F-FBC8BAE38D46}.Debug|x64.ActiveCfg = Debug|Any CPU
		{8BAEFE24-98B3-46F3-BA9F-FBC8BAE38D46}.Debug|x64.Build.0 = Debug|Any CPU
		{8BAEFE24-98B3-46F3-BA9F-FBC8BAE38D46}.Release|x64.ActiveCfg = Release|Any CPU
		{8BAEFE24-98B3-46F3-BA9F-FBC8BAE38D46}.Release|x64.Build.0 = Release|Any CPU
		{9E0AA4D0-8C68-4A3A-9702-9088C4A26413}.Debug|x64.ActiveCfg = Debug|Any CPU
		{9E0AA4D0-8C68-4A3A-9702-9088C4A26413}.Debug|x64.Build.0 = Debug|Any CPU
		{9E0AA4D0-8C68-4A3A-9702-9088C4A26413}.Release|x64.ActiveCfg = Release|Any CPU
		{9E0AA4D0-8C68-4A3A-9702-9088C4A26413}.Release|x64.Build.0 = Release|Any CPU
		{D8AAD70C-C1C1-4BD1-8729-B8EB2A31B94E}.Debug|x64.ActiveCfg = Debug|Any CPU
		{D8AAD70C-C1C1-4BD1-8729-B8EB2A31B94E}.Release|x64.ActiveCfg = Release|Any CPU
	EndGlobalSection
	GlobalSection(SolutionProperties) = preSolution
		HideSolutionNode = FALSE
	EndGlobalSection
	GlobalSection(NestedProjects) = preSolution
		{C2933E56-D8CE-40B6-A464-B5E580AA36A1} = {C1A9A8B7-35EB-419D-97D8-D6BED80F17D9}
		{F7462E49-C05C-4F85-B08E-588E8361E8A4} = {C1A9A8B7-35EB-419D-97D8-D6BED80F17D9}
		{E3A20E11-835A-4F66-AA2E-5C01C85DD04A} = {1D4D7439-80F7-4995-BF53-12EC0F975430}
		{ED335A85-90A3-44FB-ADC0-9ADA49BA98FF} = {1D4D7439-80F7-4995-BF53-12EC0F975430}
		{07E4C5FD-14AF-49DC-B5EC-EC656F4A67BC} = {C1A9A8B7-35EB-419D-97D8-D6BED80F17D9}
		{D194AD7E-42BC-4F88-8F3D-E0C193C2E01E} = {C1A9A8B7-35EB-419D-97D8-D6BED80F17D9}
		{E8DCAD27-6F01-4760-BDA8-32092EAD1262} = {1D4D7439-80F7-4995-BF53-12EC0F975430}
		{FCE16AF6-DBD7-4FD2-8502-BA154F48B115} = {C1A9A8B7-35EB-419D-97D8-D6BED80F17D9}
		{DE4686F0-97F9-4BA0-A65A-728BCF0FDBED} = {C1A9A8B7-35EB-419D-97D8-D6BED80F17D9}
		{7B867F21-35C6-4F53-A1F2-6FC4FBB12D69} = {C1A9A8B7-35EB-419D-97D8-D6BED80F17D9}
		{9942805D-34CD-452F-B00B-43E5CF999AE2} = {C1A9A8B7-35EB-419D-97D8-D6BED80F17D9}
		{9E0AA4D0-8C68-4A3A-9702-9088C4A26413} = {C1A9A8B7-35EB-419D-97D8-D6BED80F17D9}
		{8BAEFE24-98B3-46F3-BA9F-FBC8BAE38D46} = {6DD33323-600B-43B9-A5FA-DC09AEA43984}
		{D8AAD70C-C1C1-4BD1-8729-B8EB2A31B94E} = {6DD33323-600B-43B9-A5FA-DC09AEA43984}
	EndGlobalSection
	GlobalSection(ExtensibilityGlobals) = postSolution
		SolutionGuid = {7A57F045-DFC5-4906-B6F9-28C6C21DA4AB}
	EndGlobalSection
EndGlobal
